// !$*UTF8*$!
{
	archiveVersion = 1;
	classes = {
	};
	objectVersion = 60;
	objects = {

/* Begin PBXBuildFile section */
		B859E6042B7621E100B0B158 /* FileToTest.swift in Sources */ = {isa = PBXBuildFile; fileRef = B859E6032B7621E100B0B158 /* FileToTest.swift */; };
		B86658CF2B7150D10088DF30 /* Stringify2.swift in Sources */ = {isa = PBXBuildFile; fileRef = B86658CE2B7150D10088DF30 /* Stringify2.swift */; };
		B8956BDB2B713A860026365C /* DangerTest2024App.swift in Sources */ = {isa = PBXBuildFile; fileRef = B8956BDA2B713A860026365C /* DangerTest2024App.swift */; };
		B8956BDD2B713A860026365C /* ContentView.swift in Sources */ = {isa = PBXBuildFile; fileRef = B8956BDC2B713A860026365C /* ContentView.swift */; };
		B8956BDF2B713A880026365C /* Assets.xcassets in Resources */ = {isa = PBXBuildFile; fileRef = B8956BDE2B713A880026365C /* Assets.xcassets */; };
		B8956BE22B713A880026365C /* Preview Assets.xcassets in Resources */ = {isa = PBXBuildFile; fileRef = B8956BE12B713A880026365C /* Preview Assets.xcassets */; };
		B8956BEC2B713A880026365C /* DangerTest2024Tests.swift in Sources */ = {isa = PBXBuildFile; fileRef = B8956BEB2B713A880026365C /* DangerTest2024Tests.swift */; };
/* End PBXBuildFile section */

/* Begin PBXContainerItemProxy section */
		B8956BE82B713A880026365C /* PBXContainerItemProxy */ = {
			isa = PBXContainerItemProxy;
			containerPortal = B8956BCF2B713A860026365C /* Project object */;
			proxyType = 1;
			remoteGlobalIDString = B8956BD62B713A860026365C;
			remoteInfo = DangerTest2024;
		};
		B8956BF22B713A880026365C /* PBXContainerItemProxy */ = {
			isa = PBXContainerItemProxy;
			containerPortal = B8956BCF2B713A860026365C /* Project object */;
			proxyType = 1;
			remoteGlobalIDString = B8956BD62B713A860026365C;
			remoteInfo = DangerTest2024;
		};
/* End PBXContainerItemProxy section */

/* Begin PBXFileReference section */
		B859E6032B7621E100B0B158 /* FileToTest.swift */ = {isa = PBXFileReference; lastKnownFileType = sourcecode.swift; path = FileToTest.swift; sourceTree = "<group>"; };
		B859E6052B766BD500B0B158 /* DangerTest2024.xctestplan */ = {isa = PBXFileReference; lastKnownFileType = text; path = DangerTest2024.xctestplan; sourceTree = "<group>"; };
		B86658CE2B7150D10088DF30 /* Stringify2.swift */ = {isa = PBXFileReference; lastKnownFileType = sourcecode.swift; path = Stringify2.swift; sourceTree = "<group>"; };
		B8956BD72B713A860026365C /* DangerTest2024.app */ = {isa = PBXFileReference; explicitFileType = wrapper.application; includeInIndex = 0; path = DangerTest2024.app; sourceTree = BUILT_PRODUCTS_DIR; };
		B8956BDA2B713A860026365C /* DangerTest2024App.swift */ = {isa = PBXFileReference; lastKnownFileType = sourcecode.swift; path = DangerTest2024App.swift; sourceTree = "<group>"; };
		B8956BDC2B713A860026365C /* ContentView.swift */ = {isa = PBXFileReference; lastKnownFileType = sourcecode.swift; path = ContentView.swift; sourceTree = "<group>"; };
		B8956BDE2B713A880026365C /* Assets.xcassets */ = {isa = PBXFileReference; lastKnownFileType = folder.assetcatalog; path = Assets.xcassets; sourceTree = "<group>"; };
		B8956BE12B713A880026365C /* Preview Assets.xcassets */ = {isa = PBXFileReference; lastKnownFileType = folder.assetcatalog; path = "Preview Assets.xcassets"; sourceTree = "<group>"; };
		B8956BE72B713A880026365C /* DangerTest2024Tests.xctest */ = {isa = PBXFileReference; explicitFileType = wrapper.cfbundle; includeInIndex = 0; path = DangerTest2024Tests.xctest; sourceTree = BUILT_PRODUCTS_DIR; };
		B8956BEB2B713A880026365C /* DangerTest2024Tests.swift */ = {isa = PBXFileReference; lastKnownFileType = sourcecode.swift; path = DangerTest2024Tests.swift; sourceTree = "<group>"; };
		B8956BF12B713A880026365C /* DangerTest2024UITests.xctest */ = {isa = PBXFileReference; explicitFileType = wrapper.cfbundle; includeInIndex = 0; path = DangerTest2024UITests.xctest; sourceTree = BUILT_PRODUCTS_DIR; };
		B8956C052B713CB00026365C /* Package.swift */ = {isa = PBXFileReference; fileEncoding = 4; lastKnownFileType = sourcecode.swift; path = Package.swift; sourceTree = "<group>"; };
/* End PBXFileReference section */

/* Begin PBXFrameworksBuildPhase section */
		B8956BD42B713A860026365C /* Frameworks */ = {
			isa = PBXFrameworksBuildPhase;
			buildActionMask = 2147483647;
			files = (
			);
			runOnlyForDeploymentPostprocessing = 0;
		};
		B8956BE42B713A880026365C /* Frameworks */ = {
			isa = PBXFrameworksBuildPhase;
			buildActionMask = 2147483647;
			files = (
			);
			runOnlyForDeploymentPostprocessing = 0;
		};
		B8956BEE2B713A880026365C /* Frameworks */ = {
			isa = PBXFrameworksBuildPhase;
			buildActionMask = 2147483647;
			files = (
			);
			runOnlyForDeploymentPostprocessing = 0;
		};
/* End PBXFrameworksBuildPhase section */

/* Begin PBXGroup section */
		B8956BCE2B713A860026365C = {
			isa = PBXGroup;
			children = (
				B859E6052B766BD500B0B158 /* DangerTest2024.xctestplan */,
				B8956C052B713CB00026365C /* Package.swift */,
				B8956BD92B713A860026365C /* DangerTest2023 */,
				B8956BEA2B713A880026365C /* DangerTest2024Tests */,
				B8956BD82B713A860026365C /* Products */,
			);
			sourceTree = "<group>";
		};
		B8956BD82B713A860026365C /* Products */ = {
			isa = PBXGroup;
			children = (
				B8956BD72B713A860026365C /* DangerTest2024.app */,
				B8956BE72B713A880026365C /* DangerTest2024Tests.xctest */,
				B8956BF12B713A880026365C /* DangerTest2024UITests.xctest */,
			);
			name = Products;
			sourceTree = "<group>";
		};
		B8956BD92B713A860026365C /* DangerTest2023 */ = {
			isa = PBXGroup;
			children = (
				B86658CE2B7150D10088DF30 /* Stringify2.swift */,
				B8956BDA2B713A860026365C /* DangerTest2024App.swift */,
				B8956BDC2B713A860026365C /* ContentView.swift */,
				B8956BDE2B713A880026365C /* Assets.xcassets */,
				B8956BE02B713A880026365C /* Preview Content */,
				B859E6032B7621E100B0B158 /* FileToTest.swift */,
			);
			path = DangerTest2023;
			sourceTree = "<group>";
		};
		B8956BE02B713A880026365C /* Preview Content */ = {
			isa = PBXGroup;
			children = (
				B8956BE12B713A880026365C /* Preview Assets.xcassets */,
			);
			path = "Preview Content";
			sourceTree = "<group>";
		};
		B8956BEA2B713A880026365C /* DangerTest2024Tests */ = {
			isa = PBXGroup;
			children = (
				B8956BEB2B713A880026365C /* DangerTest2024Tests.swift */,
			);
			path = DangerTest2024Tests;
			sourceTree = "<group>";
		};
/* End PBXGroup section */

/* Begin PBXNativeTarget section */
		B8956BD62B713A860026365C /* DangerTest2024 */ = {
			isa = PBXNativeTarget;
			buildConfigurationList = B8956BFB2B713A880026365C /* Build configuration list for PBXNativeTarget "DangerTest2024" */;
			buildPhases = (
				B8956BD32B713A860026365C /* Sources */,
				B8956BD42B713A860026365C /* Frameworks */,
				B8956BD52B713A860026365C /* Resources */,
			);
			buildRules = (
			);
			dependencies = (
			);
			name = DangerTest2024;
			packageProductDependencies = (
			);
			productName = DangerTest2024;
			productReference = B8956BD72B713A860026365C /* DangerTest2024.app */;
			productType = "com.apple.product-type.application";
		};
		B8956BE62B713A880026365C /* DangerTest2024Tests */ = {
			isa = PBXNativeTarget;
			buildConfigurationList = B8956BFE2B713A880026365C /* Build configuration list for PBXNativeTarget "DangerTest2024Tests" */;
			buildPhases = (
				B8956BE32B713A880026365C /* Sources */,
				B8956BE42B713A880026365C /* Frameworks */,
				B8956BE52B713A880026365C /* Resources */,
			);
			buildRules = (
			);
			dependencies = (
				B8956BE92B713A880026365C /* PBXTargetDependency */,
			);
			name = DangerTest2024Tests;
			productName = DangerTest2024Tests;
			productReference = B8956BE72B713A880026365C /* DangerTest2024Tests.xctest */;
			productType = "com.apple.product-type.bundle.unit-test";
		};
		B8956BF02B713A880026365C /* DangerTest2024UITests */ = {
			isa = PBXNativeTarget;
			buildConfigurationList = B8956C012B713A880026365C /* Build configuration list for PBXNativeTarget "DangerTest2024UITests" */;
			buildPhases = (
				B8956BED2B713A880026365C /* Sources */,
				B8956BEE2B713A880026365C /* Frameworks */,
				B8956BEF2B713A880026365C /* Resources */,
			);
			buildRules = (
			);
			dependencies = (
				B8956BF32B713A880026365C /* PBXTargetDependency */,
			);
			name = DangerTest2024UITests;
			productName = DangerTest2024UITests;
			productReference = B8956BF12B713A880026365C /* DangerTest2024UITests.xctest */;
			productType = "com.apple.product-type.bundle.ui-testing";
		};
/* End PBXNativeTarget section */

/* Begin PBXProject section */
		B8956BCF2B713A860026365C /* Project object */ = {
			isa = PBXProject;
			attributes = {
				BuildIndependentTargetsInParallel = 1;
				LastSwiftUpdateCheck = 1520;
				LastUpgradeCheck = 1520;
				TargetAttributes = {
					B8956BD62B713A860026365C = {
						CreatedOnToolsVersion = 15.2;
					};
					B8956BE62B713A880026365C = {
						CreatedOnToolsVersion = 15.2;
						TestTargetID = B8956BD62B713A860026365C;
					};
					B8956BF02B713A880026365C = {
						CreatedOnToolsVersion = 15.2;
						TestTargetID = B8956BD62B713A860026365C;
					};
				};
			};
			buildConfigurationList = B8956BD22B713A860026365C /* Build configuration list for PBXProject "DangerTest2024" */;
			compatibilityVersion = "Xcode 14.0";
			developmentRegion = en;
			hasScannedForEncodings = 0;
			knownRegions = (
				en,
				Base,
			);
			mainGroup = B8956BCE2B713A860026365C;
			packageReferences = (
				B86658D02B71510D0088DF30 /* XCLocalSwiftPackageReference "" */,
			);
			productRefGroup = B8956BD82B713A860026365C /* Products */;
			projectDirPath = "";
			projectRoot = "";
			targets = (
				B8956BD62B713A860026365C /* DangerTest2024 */,
				B8956BE62B713A880026365C /* DangerTest2024Tests */,
				B8956BF02B713A880026365C /* DangerTest2024UITests */,
			);
		};
/* End PBXProject section */

/* Begin PBXResourcesBuildPhase section */
		B8956BD52B713A860026365C /* Resources */ = {
			isa = PBXResourcesBuildPhase;
			buildActionMask = 2147483647;
			files = (
				B8956BE22B713A880026365C /* Preview Assets.xcassets in Resources */,
				B8956BDF2B713A880026365C /* Assets.xcassets in Resources */,
			);
			runOnlyForDeploymentPostprocessing = 0;
		};
		B8956BE52B713A880026365C /* Resources */ = {
			isa = PBXResourcesBuildPhase;
			buildActionMask = 2147483647;
			files = (
			);
			runOnlyForDeploymentPostprocessing = 0;
		};
		B8956BEF2B713A880026365C /* Resources */ = {
			isa = PBXResourcesBuildPhase;
			buildActionMask = 2147483647;
			files = (
			);
			runOnlyForDeploymentPostprocessing = 0;
		};
/* End PBXResourcesBuildPhase section */

/* Begin PBXSourcesBuildPhase section */
		B8956BD32B713A860026365C /* Sources */ = {
			isa = PBXSourcesBuildPhase;
			buildActionMask = 2147483647;
			files = (
				B8956BDD2B713A860026365C /* ContentView.swift in Sources */,
				B86658CF2B7150D10088DF30 /* Stringify2.swift in Sources */,
				B859E6042B7621E100B0B158 /* FileToTest.swift in Sources */,
				B8956BDB2B713A860026365C /* DangerTest2024App.swift in Sources */,
			);
			runOnlyForDeploymentPostprocessing = 0;
		};
		B8956BE32B713A880026365C /* Sources */ = {
			isa = PBXSourcesBuildPhase;
			buildActionMask = 2147483647;
			files = (
				B8956BEC2B713A880026365C /* DangerTest2024Tests.swift in Sources */,
			);
			runOnlyForDeploymentPostprocessing = 0;
		};
		B8956BED2B713A880026365C /* Sources */ = {
			isa = PBXSourcesBuildPhase;
			buildActionMask = 2147483647;
			files = (
			);
			runOnlyForDeploymentPostprocessing = 0;
		};
/* End PBXSourcesBuildPhase section */

/* Begin PBXTargetDependency section */
		B8956BE92B713A880026365C /* PBXTargetDependency */ = {
			isa = PBXTargetDependency;
			target = B8956BD62B713A860026365C /* DangerTest2024 */;
			targetProxy = B8956BE82B713A880026365C /* PBXContainerItemProxy */;
		};
		B8956BF32B713A880026365C /* PBXTargetDependency */ = {
			isa = PBXTargetDependency;
			target = B8956BD62B713A860026365C /* DangerTest2024 */;
			targetProxy = B8956BF22B713A880026365C /* PBXContainerItemProxy */;
		};
/* End PBXTargetDependency section */

/* Begin XCBuildConfiguration section */
		B8956BF92B713A880026365C /* Debug */ = {
			isa = XCBuildConfiguration;
			buildSettings = {
				ALWAYS_SEARCH_USER_PATHS = NO;
				ASSETCATALOG_COMPILER_GENERATE_SWIFT_ASSET_SYMBOL_EXTENSIONS = YES;
				CLANG_ANALYZER_NONNULL = YES;
				CLANG_ANALYZER_NUMBER_OBJECT_CONVERSION = YES_AGGRESSIVE;
				CLANG_CXX_LANGUAGE_STANDARD = "gnu++20";
				CLANG_ENABLE_MODULES = YES;
				CLANG_ENABLE_OBJC_ARC = YES;
				CLANG_ENABLE_OBJC_WEAK = YES;
				CLANG_WARN_BLOCK_CAPTURE_AUTORELEASING = YES;
				CLANG_WARN_BOOL_CONVERSION = YES;
				CLANG_WARN_COMMA = YES;
				CLANG_WARN_CONSTANT_CONVERSION = YES;
				CLANG_WARN_DEPRECATED_OBJC_IMPLEMENTATIONS = YES;
				CLANG_WARN_DIRECT_OBJC_ISA_USAGE = YES_ERROR;
				CLANG_WARN_DOCUMENTATION_COMMENTS = YES;
				CLANG_WARN_EMPTY_BODY = YES;
				CLANG_WARN_ENUM_CONVERSION = YES;
				CLANG_WARN_INFINITE_RECURSION = YES;
				CLANG_WARN_INT_CONVERSION = YES;
				CLANG_WARN_NON_LITERAL_NULL_CONVERSION = YES;
				CLANG_WARN_OBJC_IMPLICIT_RETAIN_SELF = YES;
				CLANG_WARN_OBJC_LITERAL_CONVERSION = YES;
				CLANG_WARN_OBJC_ROOT_CLASS = YES_ERROR;
				CLANG_WARN_QUOTED_INCLUDE_IN_FRAMEWORK_HEADER = YES;
				CLANG_WARN_RANGE_LOOP_ANALYSIS = YES;
				CLANG_WARN_STRICT_PROTOTYPES = YES;
				CLANG_WARN_SUSPICIOUS_MOVE = YES;
				CLANG_WARN_UNGUARDED_AVAILABILITY = YES_AGGRESSIVE;
				CLANG_WARN_UNREACHABLE_CODE = YES;
				CLANG_WARN__DUPLICATE_METHOD_MATCH = YES;
				COPY_PHASE_STRIP = NO;
				DEBUG_INFORMATION_FORMAT = dwarf;
				ENABLE_STRICT_OBJC_MSGSEND = YES;
				ENABLE_TESTABILITY = YES;
				ENABLE_USER_SCRIPT_SANDBOXING = YES;
				GCC_C_LANGUAGE_STANDARD = gnu17;
				GCC_DYNAMIC_NO_PIC = NO;
				GCC_NO_COMMON_BLOCKS = YES;
				GCC_OPTIMIZATION_LEVEL = 0;
				GCC_PREPROCESSOR_DEFINITIONS = (
					"DEBUG=1",
					"$(inherited)",
				);
				GCC_WARN_64_TO_32_BIT_CONVERSION = YES;
				GCC_WARN_ABOUT_RETURN_TYPE = YES_ERROR;
				GCC_WARN_UNDECLARED_SELECTOR = YES;
				GCC_WARN_UNINITIALIZED_AUTOS = YES_AGGRESSIVE;
				GCC_WARN_UNUSED_FUNCTION = YES;
				GCC_WARN_UNUSED_VARIABLE = YES;
				IPHONEOS_DEPLOYMENT_TARGET = 17.2;
				LOCALIZATION_PREFERS_STRING_CATALOGS = YES;
				MTL_ENABLE_DEBUG_INFO = INCLUDE_SOURCE;
				MTL_FAST_MATH = YES;
				ONLY_ACTIVE_ARCH = YES;
				SDKROOT = iphoneos;
				SWIFT_ACTIVE_COMPILATION_CONDITIONS = "DEBUG $(inherited)";
				SWIFT_OPTIMIZATION_LEVEL = "-Onone";
			};
			name = Debug;
		};
		B8956BFA2B713A880026365C /* Release */ = {
			isa = XCBuildConfiguration;
			buildSettings = {
				ALWAYS_SEARCH_USER_PATHS = NO;
				ASSETCATALOG_COMPILER_GENERATE_SWIFT_ASSET_SYMBOL_EXTENSIONS = YES;
				CLANG_ANALYZER_NONNULL = YES;
				CLANG_ANALYZER_NUMBER_OBJECT_CONVERSION = YES_AGGRESSIVE;
				CLANG_CXX_LANGUAGE_STANDARD = "gnu++20";
				CLANG_ENABLE_MODULES = YES;
				CLANG_ENABLE_OBJC_ARC = YES;
				CLANG_ENABLE_OBJC_WEAK = YES;
				CLANG_WARN_BLOCK_CAPTURE_AUTORELEASING = YES;
				CLANG_WARN_BOOL_CONVERSION = YES;
				CLANG_WARN_COMMA = YES;
				CLANG_WARN_CONSTANT_CONVERSION = YES;
				CLANG_WARN_DEPRECATED_OBJC_IMPLEMENTATIONS = YES;
				CLANG_WARN_DIRECT_OBJC_ISA_USAGE = YES_ERROR;
				CLANG_WARN_DOCUMENTATION_COMMENTS = YES;
				CLANG_WARN_EMPTY_BODY = YES;
				CLANG_WARN_ENUM_CONVERSION = YES;
				CLANG_WARN_INFINITE_RECURSION = YES;
				CLANG_WARN_INT_CONVERSION = YES;
				CLANG_WARN_NON_LITERAL_NULL_CONVERSION = YES;
				CLANG_WARN_OBJC_IMPLICIT_RETAIN_SELF = YES;
				CLANG_WARN_OBJC_LITERAL_CONVERSION = YES;
				CLANG_WARN_OBJC_ROOT_CLASS = YES_ERROR;
				CLANG_WARN_QUOTED_INCLUDE_IN_FRAMEWORK_HEADER = YES;
				CLANG_WARN_RANGE_LOOP_ANALYSIS = YES;
				CLANG_WARN_STRICT_PROTOTYPES = YES;
				CLANG_WARN_SUSPICIOUS_MOVE = YES;
				CLANG_WARN_UNGUARDED_AVAILABILITY = YES_AGGRESSIVE;
				CLANG_WARN_UNREACHABLE_CODE = YES;
				CLANG_WARN__DUPLICATE_METHOD_MATCH = YES;
				COPY_PHASE_STRIP = NO;
				DEBUG_INFORMATION_FORMAT = "dwarf-with-dsym";
				ENABLE_NS_ASSERTIONS = NO;
				ENABLE_STRICT_OBJC_MSGSEND = YES;
				ENABLE_USER_SCRIPT_SANDBOXING = YES;
				GCC_C_LANGUAGE_STANDARD = gnu17;
				GCC_NO_COMMON_BLOCKS = YES;
				GCC_WARN_64_TO_32_BIT_CONVERSION = YES;
				GCC_WARN_ABOUT_RETURN_TYPE = YES_ERROR;
				GCC_WARN_UNDECLARED_SELECTOR = YES;
				GCC_WARN_UNINITIALIZED_AUTOS = YES_AGGRESSIVE;
				GCC_WARN_UNUSED_FUNCTION = YES;
				GCC_WARN_UNUSED_VARIABLE = YES;
				IPHONEOS_DEPLOYMENT_TARGET = 17.2;
				LOCALIZATION_PREFERS_STRING_CATALOGS = YES;
				MTL_ENABLE_DEBUG_INFO = NO;
				MTL_FAST_MATH = YES;
				SDKROOT = iphoneos;
				SWIFT_COMPILATION_MODE = wholemodule;
				VALIDATE_PRODUCT = YES;
			};
			name = Release;
		};
		B8956BFC2B713A880026365C /* Debug */ = {
			isa = XCBuildConfiguration;
			buildSettings = {
				ASSETCATALOG_COMPILER_APPICON_NAME = AppIcon;
				ASSETCATALOG_COMPILER_GLOBAL_ACCENT_COLOR_NAME = AccentColor;
				CODE_SIGN_STYLE = Automatic;
				CURRENT_PROJECT_VERSION = 1;
				DEVELOPMENT_ASSET_PATHS = "";
				DEVELOPMENT_TEAM = X93D3C3888;
				ENABLE_PREVIEWS = YES;
				GENERATE_INFOPLIST_FILE = YES;
				INFOPLIST_KEY_UIApplicationSceneManifest_Generation = YES;
				INFOPLIST_KEY_UIApplicationSupportsIndirectInputEvents = YES;
				INFOPLIST_KEY_UILaunchScreen_Generation = YES;
				INFOPLIST_KEY_UISupportedInterfaceOrientations_iPad = "UIInterfaceOrientationPortrait UIInterfaceOrientationPortraitUpsideDown UIInterfaceOrientationLandscapeLeft UIInterfaceOrientationLandscapeRight";
				INFOPLIST_KEY_UISupportedInterfaceOrientations_iPhone = "UIInterfaceOrientationPortrait UIInterfaceOrientationLandscapeLeft UIInterfaceOrientationLandscapeRight";
				LD_RUNPATH_SEARCH_PATHS = (
					"$(inherited)",
					"@executable_path/Frameworks",
				);
				MARKETING_VERSION = 1.0;
				PRODUCT_BUNDLE_IDENTIFIER = test.DangerTest2024;
				PRODUCT_NAME = "$(TARGET_NAME)";
				SWIFT_EMIT_LOC_STRINGS = YES;
				SWIFT_VERSION = 5.0;
				TARGETED_DEVICE_FAMILY = "1,2";
			};
			name = Debug;
		};
		B8956BFD2B713A880026365C /* Release */ = {
			isa = XCBuildConfiguration;
			buildSettings = {
				ASSETCATALOG_COMPILER_APPICON_NAME = AppIcon;
				ASSETCATALOG_COMPILER_GLOBAL_ACCENT_COLOR_NAME = AccentColor;
				CODE_SIGN_STYLE = Automatic;
				CURRENT_PROJECT_VERSION = 1;
				DEVELOPMENT_ASSET_PATHS = "";
				DEVELOPMENT_TEAM = X93D3C3888;
				ENABLE_PREVIEWS = YES;
				GENERATE_INFOPLIST_FILE = YES;
				INFOPLIST_KEY_UIApplicationSceneManifest_Generation = YES;
				INFOPLIST_KEY_UIApplicationSupportsIndirectInputEvents = YES;
				INFOPLIST_KEY_UILaunchScreen_Generation = YES;
				INFOPLIST_KEY_UISupportedInterfaceOrientations_iPad = "UIInterfaceOrientationPortrait UIInterfaceOrientationPortraitUpsideDown UIInterfaceOrientationLandscapeLeft UIInterfaceOrientationLandscapeRight";
				INFOPLIST_KEY_UISupportedInterfaceOrientations_iPhone = "UIInterfaceOrientationPortrait UIInterfaceOrientationLandscapeLeft UIInterfaceOrientationLandscapeRight";
				LD_RUNPATH_SEARCH_PATHS = (
					"$(inherited)",
					"@executable_path/Frameworks",
				);
				MARKETING_VERSION = 1.0;
				PRODUCT_BUNDLE_IDENTIFIER = test.DangerTest2024;
				PRODUCT_NAME = "$(TARGET_NAME)";
				SWIFT_EMIT_LOC_STRINGS = YES;
				SWIFT_VERSION = 5.0;
				TARGETED_DEVICE_FAMILY = "1,2";
			};
			name = Release;
		};
		B8956BFF2B713A880026365C /* Debug */ = {
			isa = XCBuildConfiguration;
			buildSettings = {
				ALWAYS_EMBED_SWIFT_STANDARD_LIBRARIES = YES;
				BUNDLE_LOADER = "$(TEST_HOST)";
				CODE_SIGN_STYLE = Automatic;
				CURRENT_PROJECT_VERSION = 1;
				DEVELOPMENT_TEAM = X93D3C3888;
				GENERATE_INFOPLIST_FILE = YES;
				IPHONEOS_DEPLOYMENT_TARGET = 17.2;
				MARKETING_VERSION = 1.0;
				PRODUCT_BUNDLE_IDENTIFIER = test.DangerTest2024Tests;
				PRODUCT_NAME = "$(TARGET_NAME)";
				SWIFT_EMIT_LOC_STRINGS = NO;
				SWIFT_VERSION = 5.0;
				TARGETED_DEVICE_FAMILY = "1,2";
				TEST_HOST = "$(BUILT_PRODUCTS_DIR)/DangerTest2024.app/$(BUNDLE_EXECUTABLE_FOLDER_PATH)/DangerTest2024";
			};
			name = Debug;
		};
		B8956C002B713A880026365C /* Release */ = {
			isa = XCBuildConfiguration;
			buildSettings = {
				ALWAYS_EMBED_SWIFT_STANDARD_LIBRARIES = YES;
				BUNDLE_LOADER = "$(TEST_HOST)";
				CODE_SIGN_STYLE = Automatic;
				CURRENT_PROJECT_VERSION = 1;
				DEVELOPMENT_TEAM = X93D3C3888;
				GENERATE_INFOPLIST_FILE = YES;
				IPHONEOS_DEPLOYMENT_TARGET = 17.2;
				MARKETING_VERSION = 1.0;
				PRODUCT_BUNDLE_IDENTIFIER = test.DangerTest2024Tests;
				PRODUCT_NAME = "$(TARGET_NAME)";
				SWIFT_EMIT_LOC_STRINGS = NO;
				SWIFT_VERSION = 5.0;
				TARGETED_DEVICE_FAMILY = "1,2";
				TEST_HOST = "$(BUILT_PRODUCTS_DIR)/DangerTest2024.app/$(BUNDLE_EXECUTABLE_FOLDER_PATH)/DangerTest2024";
			};
			name = Release;
		};
		B8956C022B713A880026365C /* Debug */ = {
			isa = XCBuildConfiguration;
			buildSettings = {
				ALWAYS_EMBED_SWIFT_STANDARD_LIBRARIES = YES;
				CODE_SIGN_STYLE = Automatic;
				CURRENT_PROJECT_VERSION = 1;
				DEVELOPMENT_TEAM = X93D3C3888;
				GENERATE_INFOPLIST_FILE = YES;
				MARKETING_VERSION = 1.0;
				PRODUCT_BUNDLE_IDENTIFIER = test.DangerTest2024UITests;
				PRODUCT_NAME = "$(TARGET_NAME)";
				SWIFT_EMIT_LOC_STRINGS = NO;
				SWIFT_VERSION = 5.0;
				TARGETED_DEVICE_FAMILY = "1,2";
				TEST_TARGET_NAME = DangerTest2024;
			};
			name = Debug;
		};
		B8956C032B713A880026365C /* Release */ = {
			isa = XCBuildConfiguration;
			buildSettings = {
				ALWAYS_EMBED_SWIFT_STANDARD_LIBRARIES = YES;
				CODE_SIGN_STYLE = Automatic;
				CURRENT_PROJECT_VERSION = 1;
				DEVELOPMENT_TEAM = X93D3C3888;
				GENERATE_INFOPLIST_FILE = YES;
				MARKETING_VERSION = 1.0;
				PRODUCT_BUNDLE_IDENTIFIER = test.DangerTest2024UITests;
				PRODUCT_NAME = "$(TARGET_NAME)";
				SWIFT_EMIT_LOC_STRINGS = NO;
				SWIFT_VERSION = 5.0;
				TARGETED_DEVICE_FAMILY = "1,2";
				TEST_TARGET_NAME = DangerTest2024;
			};
			name = Release;
		};
/* End XCBuildConfiguration section */

/* Begin XCConfigurationList section */
		B8956BD22B713A860026365C /* Build configuration list for PBXProject "DangerTest2024" */ = {
			isa = XCConfigurationList;
			buildConfigurations = (
				B8956BF92B713A880026365C /* Debug */,
				B8956BFA2B713A880026365C /* Release */,
			);
			defaultConfigurationIsVisible = 0;
			defaultConfigurationName = Release;
		};
		B8956BFB2B713A880026365C /* Build configuration list for PBXNativeTarget "DangerTest2024" */ = {
			isa = XCConfigurationList;
			buildConfigurations = (
				B8956BFC2B713A880026365C /* Debug */,
				B8956BFD2B713A880026365C /* Release */,
			);
			defaultConfigurationIsVisible = 0;
			defaultConfigurationName = Release;
		};
		B8956BFE2B713A880026365C /* Build configuration list for PBXNativeTarget "DangerTest2024Tests" */ = {
			isa = XCConfigurationList;
			buildConfigurations = (
				B8956BFF2B713A880026365C /* Debug */,
				B8956C002B713A880026365C /* Release */,
			);
			defaultConfigurationIsVisible = 0;
			defaultConfigurationName = Release;
		};
		B8956C012B713A880026365C /* Build configuration list for PBXNativeTarget "DangerTest2024UITests" */ = {
			isa = XCConfigurationList;
			buildConfigurations = (
				B8956C022B713A880026365C /* Debug */,
				B8956C032B713A880026365C /* Release */,
			);
			defaultConfigurationIsVisible = 0;
			defaultConfigurationName = Release;
		};
/* End XCConfigurationList section */

/* Begin XCLocalSwiftPackageReference section */
		B86658D02B71510D0088DF30 /* XCLocalSwiftPackageReference "" */ = {
			isa = XCLocalSwiftPackageReference;
			relativePath = "";
		};
/* End XCLocalSwiftPackageReference section */
	};
	rootObject = B8956BCF2B713A860026365C /* Project object */;
}
